
Microsoft Visual Studio Solution File, Format Version 12.00
# Visual Studio 15
VisualStudioVersion = 15.0.28307.645
MinimumVisualStudioVersion = 10.0.40219.1
Project("{FAE04EC0-301F-11D3-BF4B-00C04F79EFBC}") = "лр 1", "лр 1\лр 1.csproj", "{00E5051E-19CE-4CB8-A91F-4D3DE72C6397}"
EndProject
Global
	GlobalSection(SolutionConfigurationPlatforms) = preSolution
		Debug|Any CPU = Debug|Any CPU
		Release|Any CPU = Release|Any CPU
	EndGlobalSection
	GlobalSection(ProjectConfigurationPlatforms) = postSolution
		{00E5051E-19CE-4CB8-A91F-4D3DE72C6397}.Debug|Any CPU.ActiveCfg = Debug|Any CPU
		{00E5051E-19CE-4CB8-A91F-4D3DE72C6397}.Debug|Any CPU.Build.0 = Debug|Any CPU
		{00E5051E-19CE-4CB8-A91F-4D3DE72C6397}.Release|Any CPU.ActiveCfg = Release|Any CPU
		{00E5051E-19CE-4CB8-A91F-4D3DE72C6397}.Release|Any CPU.Build.0 = Release|Any CPU
	EndGlobalSection
	GlobalSection(SolutionProperties) = preSolution
		HideSolutionNode = FALSE
	EndGlobalSection
	GlobalSection(ExtensibilityGlobals) = postSolution
		SolutionGuid = {61C5FCB6-53CB-461A-A28E-C6D2D059A997}
	EndGlobalSection
EndGlobal
